{
  "name": "ai-okx-2000u-ai-uniswap-v4",
  "version": "1.0.0",
  "lockfileVersion": 3,
  "requires": true,
  "packages": {
    "": {
      "name": "ai-okx-2000u-ai-uniswap-v4",
      "version": "1.0.0",
      "license": "ISC",
      "devDependencies": {
        "@openzeppelin/contracts": "^5.0.2",
        "@uniswap/v4-core": "^1.0.2",
        "@uniswap/v4-periphery": "^1.0.3",
        "solmate": "^6.8.0"
      }
    },
    "node_modules/@openzeppelin/contracts": {
      "version": "5.0.2",
      "resolved": "https://registry.npmjs.org/@openzeppelin/contracts/-/contracts-5.0.2.tgz",
      "integrity": "sha512-ytPc6eLGcHHnapAZ9S+5qsdomhjo6QBHTDRRBFfTxXIpsicMhVPouPgmUPebZZZGX7vt9USA+Z+0M0dSVtSUEA==",
      "dev": true,
      "license": "MIT"
    },
    "node_modules/@uniswap/v4-core": {
      "version": "1.0.2",
      "resolved": "https://registry.npmjs.org/@uniswap/v4-core/-/v4-core-1.0.2.tgz",
      "integrity": "sha512-X15Tm2wWd+USAzEExMbo+g9naA6QN6mPgWm0MzDwRNlOfaNlepfUpSyt9RSrUfEODspwbyWbcLg6t5nwc/e7lg==",
      "dev": true,
      "license": "BUSL-1.1"
    },
    "node_modules/@uniswap/v4-periphery": {
      "version": "1.0.3",
      "resolved": "https://registry.npmjs.org/@uniswap/v4-periphery/-/v4-periphery-1.0.3.tgz",
      "integrity": "sha512-JxLL0Djv9XcMvI2PatEnWrCrxuEaYNVhHxstndBOP+aJfh1XLg5ec8SDZ0xyoVfg2ElJTvuKpBgnu90bNValsg==",
      "dev": true,
      "license": "MIT"
    },
    "node_modules/solmate": {
      "version": "6.8.0",
      "resolved": "https://registry.npmjs.org/solmate/-/solmate-6.8.0.tgz",
      "integrity": "sha512-/oI8kgEvSxGG1mrFv3FmCEZd0F8Z9VzRmoYMIhzmmzt6mjtPwfdCm3oh8yOL7bMHJBSfXJuMpnMPrM0uyaKsKg==",
      "dev": true,
      "license": "AGPL-3.0-only"
    }
  }
}
